
Microsoft Visual Studio Solution File, Format Version 12.00
# Visual Studio Version 17
VisualStudioVersion = 17.14.36327.8 d17.14
MinimumVisualStudioVersion = 10.0.40219.1
Project("{FAE04EC0-301F-11D3-BF4B-00C04F79EFBC}") = "PowerToysForXP", "PowerToysForXP\PowerToysForXP.csproj", "{75F9BF87-CB72-45E4-B691-B956CB274DCD}"
EndProject
Global
	GlobalSection(SolutionConfigurationPlatforms) = preSolution
		Debug|Any CPU = Debug|Any CPU
		Release|Any CPU = Release|Any CPU
	EndGlobalSection
	GlobalSection(ProjectConfigurationPlatforms) = postSolution
		{75F9BF87-CB72-45E4-B691-B956CB274DCD}.Debug|Any CPU.ActiveCfg = Debug|Any CPU
		{75F9BF87-CB72-45E4-B691-B956CB274DCD}.Debug|Any CPU.Build.0 = Debug|Any CPU
		{75F9BF87-CB72-45E4-B691-B956CB274DCD}.Release|Any CPU.ActiveCfg = Release|Any CPU
		{75F9BF87-CB72-45E4-B691-B956CB274DCD}.Release|Any CPU.Build.0 = Release|Any CPU
	EndGlobalSection
	GlobalSection(SolutionProperties) = preSolution
		HideSolutionNode = FALSE
	EndGlobalSection
	GlobalSection(ExtensibilityGlobals) = postSolution
		SolutionGuid = {94C5EC40-4415-42C0-AC58-2E54FDD340FB}
	EndGlobalSection
EndGlobal
